// !$*UTF8*$!
{
	archiveVersion = 1;
	classes = {
	};
	objectVersion = 46;
	objects = {

/* Begin PBXBuildFile section */
		4802C8C31D78A50E0055D7B6 /* ManagedCompany+CoreDataProperties.m in Sources */ = {isa = PBXBuildFile; fileRef = 4802C8BC1D78A50E0055D7B6 /* ManagedCompany+CoreDataProperties.m */; };
		4802C8C41D78A50E0055D7B6 /* ManagedCompany.m in Sources */ = {isa = PBXBuildFile; fileRef = 4802C8BE1D78A50E0055D7B6 /* ManagedCompany.m */; };
		4802C8C51D78A50E0055D7B6 /* ManagedProduct+CoreDataProperties.m in Sources */ = {isa = PBXBuildFile; fileRef = 4802C8C01D78A50E0055D7B6 /* ManagedProduct+CoreDataProperties.m */; };
		4802C8C61D78A50E0055D7B6 /* ManagedProduct.m in Sources */ = {isa = PBXBuildFile; fileRef = 4802C8C21D78A50E0055D7B6 /* ManagedProduct.m */; };
		48152B221D6F51C200AB0653 /* Model.xcdatamodeld in Sources */ = {isa = PBXBuildFile; fileRef = 48152B201D6F51C200AB0653 /* Model.xcdatamodeld */; };
		481A53511D5B9BBE00DB26DB /* WebViewController.m in Sources */ = {isa = PBXBuildFile; fileRef = 481A53501D5B9BBE00DB26DB /* WebViewController.m */; };
		482640EC1D64CC500028BF08 /* EditCompanyViewController.m in Sources */ = {isa = PBXBuildFile; fileRef = 482640EA1D64CC500028BF08 /* EditCompanyViewController.m */; };
		482640ED1D64CC500028BF08 /* EditCompanyViewController.xib in Resources */ = {isa = PBXBuildFile; fileRef = 482640EB1D64CC500028BF08 /* EditCompanyViewController.xib */; };
		482640F11D64F9430028BF08 /* EditProductViewController.m in Sources */ = {isa = PBXBuildFile; fileRef = 482640EF1D64F9430028BF08 /* EditProductViewController.m */; };
		482640F21D64F9430028BF08 /* EditProductViewController.xib in Resources */ = {isa = PBXBuildFile; fileRef = 482640F01D64F9430028BF08 /* EditProductViewController.xib */; };
		482A5F3F1D5CDD5D0061A009 /* Company.m in Sources */ = {isa = PBXBuildFile; fileRef = 482A5F3E1D5CDD5D0061A009 /* Company.m */; };
		482A5F421D5CDD6A0061A009 /* Product.m in Sources */ = {isa = PBXBuildFile; fileRef = 482A5F411D5CDD6A0061A009 /* Product.m */; };
		482A5F451D5D185B0061A009 /* DAO.m in Sources */ = {isa = PBXBuildFile; fileRef = 482A5F441D5D185B0061A009 /* DAO.m */; };
		483F97AE1D80722E00CFD991 /* EmptyCompanies.xib in Resources */ = {isa = PBXBuildFile; fileRef = 483F97AD1D80722E00CFD991 /* EmptyCompanies.xib */; };
		483F97B21D80A9CA00CFD991 /* CompanyCell.xib in Resources */ = {isa = PBXBuildFile; fileRef = 483F97B11D80A9CA00CFD991 /* CompanyCell.xib */; };
		483F97B51D80ABD200CFD991 /* CompanyCell.m in Sources */ = {isa = PBXBuildFile; fileRef = 483F97B41D80ABD200CFD991 /* CompanyCell.m */; };
		48551B441D637AA400DA3B19 /* AddNewCompanyViewController.m in Sources */ = {isa = PBXBuildFile; fileRef = 48551B421D637AA400DA3B19 /* AddNewCompanyViewController.m */; };
		48551B451D637AA400DA3B19 /* AddNewCompanyViewController.xib in Resources */ = {isa = PBXBuildFile; fileRef = 48551B431D637AA400DA3B19 /* AddNewCompanyViewController.xib */; };
		48551B491D63B0A900DA3B19 /* AddNewProductViewController.m in Sources */ = {isa = PBXBuildFile; fileRef = 48551B471D63B0A900DA3B19 /* AddNewProductViewController.m */; };
		48551B4A1D63B0A900DA3B19 /* AddNewProductViewController.xib in Resources */ = {isa = PBXBuildFile; fileRef = 48551B481D63B0A900DA3B19 /* AddNewProductViewController.xib */; };
		4867EB681D749543009165C5 /* CoreData.framework in Frameworks */ = {isa = PBXBuildFile; fileRef = 4867EB671D749543009165C5 /* CoreData.framework */; };
		486BAD631D5A6A400091A706 /* apple.png in Resources */ = {isa = PBXBuildFile; fileRef = 486BAD621D5A6A400091A706 /* apple.png */; };
		486BAD671D5A6B070091A706 /* Samsung.png in Resources */ = {isa = PBXBuildFile; fileRef = 486BAD661D5A6B070091A706 /* Samsung.png */; };
		486BAD6D1D5A6C530091A706 /* motorola2.jpg in Resources */ = {isa = PBXBuildFile; fileRef = 486BAD6C1D5A6C530091A706 /* motorola2.jpg */; };
		486BAD6F1D5A6C570091A706 /* Nokia2.jpg in Resources */ = {isa = PBXBuildFile; fileRef = 486BAD6E1D5A6C570091A706 /* Nokia2.jpg */; };
		48777A801D931ED900FAD6CB /* SuperViewController.m in Sources */ = {isa = PBXBuildFile; fileRef = 48777A7F1D931ED900FAD6CB /* SuperViewController.m */; };
		487DFCBC1D81C51B00D65269 /* ProductViewController.xib in Resources */ = {isa = PBXBuildFile; fileRef = 487DFCBB1D81C51B00D65269 /* ProductViewController.xib */; };
		487DFCBE1D81D37B00D65269 /* EmptyProducts.xib in Resources */ = {isa = PBXBuildFile; fileRef = 487DFCBD1D81D37B00D65269 /* EmptyProducts.xib */; };
		487DFCC21D81DEE100D65269 /* ProductCell.m in Sources */ = {isa = PBXBuildFile; fileRef = 487DFCC01D81DEE100D65269 /* ProductCell.m */; };
		487DFCC31D81DEE100D65269 /* ProductCell.xib in Resources */ = {isa = PBXBuildFile; fileRef = 487DFCC11D81DEE100D65269 /* ProductCell.xib */; };
		48A656B518163BF200746D36 /* Foundation.framework in Frameworks */ = {isa = PBXBuildFile; fileRef = 48A656B418163BF200746D36 /* Foundation.framework */; };
		48A656B718163BF200746D36 /* CoreGraphics.framework in Frameworks */ = {isa = PBXBuildFile; fileRef = 48A656B618163BF200746D36 /* CoreGraphics.framework */; };
		48A656B918163BF200746D36 /* UIKit.framework in Frameworks */ = {isa = PBXBuildFile; fileRef = 48A656B818163BF200746D36 /* UIKit.framework */; };
		48A656BF18163BF200746D36 /* InfoPlist.strings in Resources */ = {isa = PBXBuildFile; fileRef = 48A656BD18163BF200746D36 /* InfoPlist.strings */; };
		48A656C118163BF200746D36 /* main.m in Sources */ = {isa = PBXBuildFile; fileRef = 48A656C018163BF200746D36 /* main.m */; };
		48A656C518163BF200746D36 /* NavControllerAppDelegate.m in Sources */ = {isa = PBXBuildFile; fileRef = 48A656C418163BF200746D36 /* NavControllerAppDelegate.m */; };
		48A656C718163BF200746D36 /* Images.xcassets in Resources */ = {isa = PBXBuildFile; fileRef = 48A656C618163BF200746D36 /* Images.xcassets */; };
		48A656CE18163BF200746D36 /* XCTest.framework in Frameworks */ = {isa = PBXBuildFile; fileRef = 48A656CD18163BF200746D36 /* XCTest.framework */; };
		48A656CF18163BF200746D36 /* Foundation.framework in Frameworks */ = {isa = PBXBuildFile; fileRef = 48A656B418163BF200746D36 /* Foundation.framework */; };
		48A656D018163BF200746D36 /* UIKit.framework in Frameworks */ = {isa = PBXBuildFile; fileRef = 48A656B818163BF200746D36 /* UIKit.framework */; };
		48A656D818163BF200746D36 /* InfoPlist.strings in Resources */ = {isa = PBXBuildFile; fileRef = 48A656D618163BF200746D36 /* InfoPlist.strings */; };
		48A656DA18163BF200746D36 /* NavCtrlTests.m in Sources */ = {isa = PBXBuildFile; fileRef = 48A656D918163BF200746D36 /* NavCtrlTests.m */; };
		48A656E618163C1B00746D36 /* CompanyViewController.m in Sources */ = {isa = PBXBuildFile; fileRef = 48A656E418163C1B00746D36 /* CompanyViewController.m */; };
		48A656E718163C1B00746D36 /* CompanyViewController.xib in Resources */ = {isa = PBXBuildFile; fileRef = 48A656E518163C1B00746D36 /* CompanyViewController.xib */; };
		48A656EB18163F8700746D36 /* ProductViewController.m in Sources */ = {isa = PBXBuildFile; fileRef = 48A656E918163F8700746D36 /* ProductViewController.m */; };
		48A656EE1816468000746D36 /* Sunflower.gif in Resources */ = {isa = PBXBuildFile; fileRef = 48A656ED1816468000746D36 /* Sunflower.gif */; };
/* End PBXBuildFile section */

/* Begin PBXContainerItemProxy section */
		48A656D118163BF200746D36 /* PBXContainerItemProxy */ = {
			isa = PBXContainerItemProxy;
			containerPortal = 48A656A918163BF200746D36 /* Project object */;
			proxyType = 1;
			remoteGlobalIDString = 48A656B018163BF200746D36;
			remoteInfo = NavCtrl;
		};
/* End PBXContainerItemProxy section */

/* Begin PBXFileReference section */
		4802C8BB1D78A50E0055D7B6 /* ManagedCompany+CoreDataProperties.h */ = {isa = PBXFileReference; fileEncoding = 4; lastKnownFileType = sourcecode.c.h; name = "ManagedCompany+CoreDataProperties.h"; path = "../ManagedCompany+CoreDataProperties.h"; sourceTree = "<group>"; };
		4802C8BC1D78A50E0055D7B6 /* ManagedCompany+CoreDataProperties.m */ = {isa = PBXFileReference; fileEncoding = 4; lastKnownFileType = sourcecode.c.objc; name = "ManagedCompany+CoreDataProperties.m"; path = "../ManagedCompany+CoreDataProperties.m"; sourceTree = "<group>"; };
		4802C8BD1D78A50E0055D7B6 /* ManagedCompany.h */ = {isa = PBXFileReference; fileEncoding = 4; lastKnownFileType = sourcecode.c.h; name = ManagedCompany.h; path = ../ManagedCompany.h; sourceTree = "<group>"; };
		4802C8BE1D78A50E0055D7B6 /* ManagedCompany.m */ = {isa = PBXFileReference; fileEncoding = 4; lastKnownFileType = sourcecode.c.objc; name = ManagedCompany.m; path = ../ManagedCompany.m; sourceTree = "<group>"; };
		4802C8BF1D78A50E0055D7B6 /* ManagedProduct+CoreDataProperties.h */ = {isa = PBXFileReference; fileEncoding = 4; lastKnownFileType = sourcecode.c.h; name = "ManagedProduct+CoreDataProperties.h"; path = "../ManagedProduct+CoreDataProperties.h"; sourceTree = "<group>"; };
		4802C8C01D78A50E0055D7B6 /* ManagedProduct+CoreDataProperties.m */ = {isa = PBXFileReference; fileEncoding = 4; lastKnownFileType = sourcecode.c.objc; name = "ManagedProduct+CoreDataProperties.m"; path = "../ManagedProduct+CoreDataProperties.m"; sourceTree = "<group>"; };
		4802C8C11D78A50E0055D7B6 /* ManagedProduct.h */ = {isa = PBXFileReference; fileEncoding = 4; lastKnownFileType = sourcecode.c.h; name = ManagedProduct.h; path = ../ManagedProduct.h; sourceTree = "<group>"; };
		4802C8C21D78A50E0055D7B6 /* ManagedProduct.m */ = {isa = PBXFileReference; fileEncoding = 4; lastKnownFileType = sourcecode.c.objc; name = ManagedProduct.m; path = ../ManagedProduct.m; sourceTree = "<group>"; };
		48152B211D6F51C200AB0653 /* Model.xcdatamodel */ = {isa = PBXFileReference; lastKnownFileType = wrapper.xcdatamodel; path = Model.xcdatamodel; sourceTree = "<group>"; };
		481A534F1D5B9BBE00DB26DB /* WebViewController.h */ = {isa = PBXFileReference; fileEncoding = 4; lastKnownFileType = sourcecode.c.h; name = WebViewController.h; path = ../WebViewController.h; sourceTree = "<group>"; };
		481A53501D5B9BBE00DB26DB /* WebViewController.m */ = {isa = PBXFileReference; fileEncoding = 4; lastKnownFileType = sourcecode.c.objc; name = WebViewController.m; path = ../WebViewController.m; sourceTree = "<group>"; };
		482640E91D64CC500028BF08 /* EditCompanyViewController.h */ = {isa = PBXFileReference; fileEncoding = 4; lastKnownFileType = sourcecode.c.h; path = EditCompanyViewController.h; sourceTree = "<group>"; };
		482640EA1D64CC500028BF08 /* EditCompanyViewController.m */ = {isa = PBXFileReference; fileEncoding = 4; lastKnownFileType = sourcecode.c.objc; path = EditCompanyViewController.m; sourceTree = "<group>"; };
		482640EB1D64CC500028BF08 /* EditCompanyViewController.xib */ = {isa = PBXFileReference; fileEncoding = 4; lastKnownFileType = file.xib; path = EditCompanyViewController.xib; sourceTree = "<group>"; };
		482640EE1D64F9430028BF08 /* EditProductViewController.h */ = {isa = PBXFileReference; fileEncoding = 4; lastKnownFileType = sourcecode.c.h; path = EditProductViewController.h; sourceTree = "<group>"; };
		482640EF1D64F9430028BF08 /* EditProductViewController.m */ = {isa = PBXFileReference; fileEncoding = 4; lastKnownFileType = sourcecode.c.objc; path = EditProductViewController.m; sourceTree = "<group>"; };
		482640F01D64F9430028BF08 /* EditProductViewController.xib */ = {isa = PBXFileReference; fileEncoding = 4; lastKnownFileType = file.xib; path = EditProductViewController.xib; sourceTree = "<group>"; };
		482A5F3D1D5CDD5D0061A009 /* Company.h */ = {isa = PBXFileReference; fileEncoding = 4; lastKnownFileType = sourcecode.c.h; name = Company.h; path = ../Company.h; sourceTree = "<group>"; };
		482A5F3E1D5CDD5D0061A009 /* Company.m */ = {isa = PBXFileReference; fileEncoding = 4; lastKnownFileType = sourcecode.c.objc; name = Company.m; path = ../Company.m; sourceTree = "<group>"; };
		482A5F401D5CDD6A0061A009 /* Product.h */ = {isa = PBXFileReference; fileEncoding = 4; lastKnownFileType = sourcecode.c.h; name = Product.h; path = ../Product.h; sourceTree = "<group>"; };
		482A5F411D5CDD6A0061A009 /* Product.m */ = {isa = PBXFileReference; fileEncoding = 4; lastKnownFileType = sourcecode.c.objc; name = Product.m; path = ../Product.m; sourceTree = "<group>"; };
		482A5F431D5D185B0061A009 /* DAO.h */ = {isa = PBXFileReference; fileEncoding = 4; lastKnownFileType = sourcecode.c.h; name = DAO.h; path = ../DAO.h; sourceTree = "<group>"; };
		482A5F441D5D185B0061A009 /* DAO.m */ = {isa = PBXFileReference; fileEncoding = 4; lastKnownFileType = sourcecode.c.objc; name = DAO.m; path = ../DAO.m; sourceTree = "<group>"; };
		483F97AD1D80722E00CFD991 /* EmptyCompanies.xib */ = {isa = PBXFileReference; fileEncoding = 4; lastKnownFileType = file.xib; path = EmptyCompanies.xib; sourceTree = "<group>"; };
		483F97B11D80A9CA00CFD991 /* CompanyCell.xib */ = {isa = PBXFileReference; fileEncoding = 4; lastKnownFileType = file.xib; path = CompanyCell.xib; sourceTree = "<group>"; };
		483F97B31D80ABD200CFD991 /* CompanyCell.h */ = {isa = PBXFileReference; fileEncoding = 4; lastKnownFileType = sourcecode.c.h; path = CompanyCell.h; sourceTree = "<group>"; };
		483F97B41D80ABD200CFD991 /* CompanyCell.m */ = {isa = PBXFileReference; fileEncoding = 4; lastKnownFileType = sourcecode.c.objc; path = CompanyCell.m; sourceTree = "<group>"; };
		48551B411D637AA400DA3B19 /* AddNewCompanyViewController.h */ = {isa = PBXFileReference; fileEncoding = 4; lastKnownFileType = sourcecode.c.h; name = AddNewCompanyViewController.h; path = ../AddNewCompanyViewController.h; sourceTree = "<group>"; };
		48551B421D637AA400DA3B19 /* AddNewCompanyViewController.m */ = {isa = PBXFileReference; fileEncoding = 4; lastKnownFileType = sourcecode.c.objc; name = AddNewCompanyViewController.m; path = ../AddNewCompanyViewController.m; sourceTree = "<group>"; };
		48551B431D637AA400DA3B19 /* AddNewCompanyViewController.xib */ = {isa = PBXFileReference; fileEncoding = 4; lastKnownFileType = file.xib; name = AddNewCompanyViewController.xib; path = ../AddNewCompanyViewController.xib; sourceTree = "<group>"; };
		48551B461D63B0A900DA3B19 /* AddNewProductViewController.h */ = {isa = PBXFileReference; fileEncoding = 4; lastKnownFileType = sourcecode.c.h; path = AddNewProductViewController.h; sourceTree = "<group>"; };
		48551B471D63B0A900DA3B19 /* AddNewProductViewController.m */ = {isa = PBXFileReference; fileEncoding = 4; lastKnownFileType = sourcecode.c.objc; path = AddNewProductViewController.m; sourceTree = "<group>"; };
		48551B481D63B0A900DA3B19 /* AddNewProductViewController.xib */ = {isa = PBXFileReference; fileEncoding = 4; lastKnownFileType = file.xib; path = AddNewProductViewController.xib; sourceTree = "<group>"; };
		4867EB671D749543009165C5 /* CoreData.framework */ = {isa = PBXFileReference; lastKnownFileType = wrapper.framework; name = CoreData.framework; path = System/Library/Frameworks/CoreData.framework; sourceTree = SDKROOT; };
		486BAD621D5A6A400091A706 /* apple.png */ = {isa = PBXFileReference; lastKnownFileType = image.png; path = apple.png; sourceTree = "<group>"; };
		486BAD661D5A6B070091A706 /* Samsung.png */ = {isa = PBXFileReference; lastKnownFileType = image.png; path = Samsung.png; sourceTree = "<group>"; };
		486BAD6C1D5A6C530091A706 /* motorola2.jpg */ = {isa = PBXFileReference; lastKnownFileType = image.jpeg; name = motorola2.jpg; path = NavCtrlTests/motorola2.jpg; sourceTree = SOURCE_ROOT; };
		486BAD6E1D5A6C570091A706 /* Nokia2.jpg */ = {isa = PBXFileReference; lastKnownFileType = image.jpeg; path = Nokia2.jpg; sourceTree = "<group>"; };
		48777A7E1D931ED900FAD6CB /* SuperViewController.h */ = {isa = PBXFileReference; fileEncoding = 4; lastKnownFileType = sourcecode.c.h; path = SuperViewController.h; sourceTree = "<group>"; };
		48777A7F1D931ED900FAD6CB /* SuperViewController.m */ = {isa = PBXFileReference; fileEncoding = 4; lastKnownFileType = sourcecode.c.objc; path = SuperViewController.m; sourceTree = "<group>"; };
		487DFCBB1D81C51B00D65269 /* ProductViewController.xib */ = {isa = PBXFileReference; fileEncoding = 4; lastKnownFileType = file.xib; path = ProductViewController.xib; sourceTree = "<group>"; };
		487DFCBD1D81D37B00D65269 /* EmptyProducts.xib */ = {isa = PBXFileReference; fileEncoding = 4; lastKnownFileType = file.xib; path = EmptyProducts.xib; sourceTree = "<group>"; };
		487DFCBF1D81DEE100D65269 /* ProductCell.h */ = {isa = PBXFileReference; fileEncoding = 4; lastKnownFileType = sourcecode.c.h; path = ProductCell.h; sourceTree = "<group>"; };
		487DFCC01D81DEE100D65269 /* ProductCell.m */ = {isa = PBXFileReference; fileEncoding = 4; lastKnownFileType = sourcecode.c.objc; path = ProductCell.m; sourceTree = "<group>"; };
		487DFCC11D81DEE100D65269 /* ProductCell.xib */ = {isa = PBXFileReference; fileEncoding = 4; lastKnownFileType = file.xib; path = ProductCell.xib; sourceTree = "<group>"; };
		48A656B118163BF200746D36 /* NavCtrl.app */ = {isa = PBXFileReference; explicitFileType = wrapper.application; includeInIndex = 0; path = NavCtrl.app; sourceTree = BUILT_PRODUCTS_DIR; };
		48A656B418163BF200746D36 /* Foundation.framework */ = {isa = PBXFileReference; lastKnownFileType = wrapper.framework; name = Foundation.framework; path = System/Library/Frameworks/Foundation.framework; sourceTree = SDKROOT; };
		48A656B618163BF200746D36 /* CoreGraphics.framework */ = {isa = PBXFileReference; lastKnownFileType = wrapper.framework; name = CoreGraphics.framework; path = System/Library/Frameworks/CoreGraphics.framework; sourceTree = SDKROOT; };
		48A656B818163BF200746D36 /* UIKit.framework */ = {isa = PBXFileReference; lastKnownFileType = wrapper.framework; name = UIKit.framework; path = System/Library/Frameworks/UIKit.framework; sourceTree = SDKROOT; };
		48A656BC18163BF200746D36 /* NavCtrl-Info.plist */ = {isa = PBXFileReference; lastKnownFileType = text.plist.xml; path = "NavCtrl-Info.plist"; sourceTree = "<group>"; };
		48A656BE18163BF200746D36 /* en */ = {isa = PBXFileReference; lastKnownFileType = text.plist.strings; name = en; path = en.lproj/InfoPlist.strings; sourceTree = "<group>"; };
		48A656C018163BF200746D36 /* main.m */ = {isa = PBXFileReference; lastKnownFileType = sourcecode.c.objc; path = main.m; sourceTree = "<group>"; };
		48A656C218163BF200746D36 /* NavCtrl-Prefix.pch */ = {isa = PBXFileReference; lastKnownFileType = sourcecode.c.h; path = "NavCtrl-Prefix.pch"; sourceTree = "<group>"; };
		48A656C318163BF200746D36 /* NavControllerAppDelegate.h */ = {isa = PBXFileReference; lastKnownFileType = sourcecode.c.h; path = NavControllerAppDelegate.h; sourceTree = "<group>"; };
		48A656C418163BF200746D36 /* NavControllerAppDelegate.m */ = {isa = PBXFileReference; lastKnownFileType = sourcecode.c.objc; path = NavControllerAppDelegate.m; sourceTree = "<group>"; };
		48A656C618163BF200746D36 /* Images.xcassets */ = {isa = PBXFileReference; lastKnownFileType = folder.assetcatalog; path = Images.xcassets; sourceTree = "<group>"; };
		48A656CC18163BF200746D36 /* NavCtrlTests.xctest */ = {isa = PBXFileReference; explicitFileType = wrapper.cfbundle; includeInIndex = 0; path = NavCtrlTests.xctest; sourceTree = BUILT_PRODUCTS_DIR; };
		48A656CD18163BF200746D36 /* XCTest.framework */ = {isa = PBXFileReference; lastKnownFileType = wrapper.framework; name = XCTest.framework; path = Library/Frameworks/XCTest.framework; sourceTree = DEVELOPER_DIR; };
		48A656D518163BF200746D36 /* NavCtrlTests-Info.plist */ = {isa = PBXFileReference; lastKnownFileType = text.plist.xml; path = "NavCtrlTests-Info.plist"; sourceTree = "<group>"; };
		48A656D718163BF200746D36 /* en */ = {isa = PBXFileReference; lastKnownFileType = text.plist.strings; name = en; path = en.lproj/InfoPlist.strings; sourceTree = "<group>"; };
		48A656D918163BF200746D36 /* NavCtrlTests.m */ = {isa = PBXFileReference; lastKnownFileType = sourcecode.c.objc; path = NavCtrlTests.m; sourceTree = "<group>"; };
		48A656E318163C1B00746D36 /* CompanyViewController.h */ = {isa = PBXFileReference; fileEncoding = 4; lastKnownFileType = sourcecode.c.h; name = CompanyViewController.h; path = ../CompanyViewController.h; sourceTree = "<group>"; };
		48A656E418163C1B00746D36 /* CompanyViewController.m */ = {isa = PBXFileReference; fileEncoding = 4; lastKnownFileType = sourcecode.c.objc; name = CompanyViewController.m; path = ../CompanyViewController.m; sourceTree = "<group>"; };
		48A656E518163C1B00746D36 /* CompanyViewController.xib */ = {isa = PBXFileReference; fileEncoding = 4; lastKnownFileType = file.xib; name = CompanyViewController.xib; path = ../CompanyViewController.xib; sourceTree = "<group>"; };
		48A656E818163F8700746D36 /* ProductViewController.h */ = {isa = PBXFileReference; fileEncoding = 4; lastKnownFileType = sourcecode.c.h; name = ProductViewController.h; path = ../ProductViewController.h; sourceTree = "<group>"; };
		48A656E918163F8700746D36 /* ProductViewController.m */ = {isa = PBXFileReference; fileEncoding = 4; lastKnownFileType = sourcecode.c.objc; name = ProductViewController.m; path = ../ProductViewController.m; sourceTree = "<group>"; };
		48A656ED1816468000746D36 /* Sunflower.gif */ = {isa = PBXFileReference; lastKnownFileType = image.gif; path = Sunflower.gif; sourceTree = "<group>"; };
/* End PBXFileReference section */

/* Begin PBXFrameworksBuildPhase section */
		48A656AE18163BF200746D36 /* Frameworks */ = {
			isa = PBXFrameworksBuildPhase;
			buildActionMask = 2147483647;
			files = (
				4867EB681D749543009165C5 /* CoreData.framework in Frameworks */,
				48A656B718163BF200746D36 /* CoreGraphics.framework in Frameworks */,
				48A656B918163BF200746D36 /* UIKit.framework in Frameworks */,
				48A656B518163BF200746D36 /* Foundation.framework in Frameworks */,
			);
			runOnlyForDeploymentPostprocessing = 0;
		};
		48A656C918163BF200746D36 /* Frameworks */ = {
			isa = PBXFrameworksBuildPhase;
			buildActionMask = 2147483647;
			files = (
				48A656CE18163BF200746D36 /* XCTest.framework in Frameworks */,
				48A656D018163BF200746D36 /* UIKit.framework in Frameworks */,
				48A656CF18163BF200746D36 /* Foundation.framework in Frameworks */,
			);
			runOnlyForDeploymentPostprocessing = 0;
		};
/* End PBXFrameworksBuildPhase section */

/* Begin PBXGroup section */
		48152B231D6F589300AB0653 /* DAO */ = {
			isa = PBXGroup;
			children = (
				482A5F431D5D185B0061A009 /* DAO.h */,
				482A5F441D5D185B0061A009 /* DAO.m */,
			);
			name = DAO;
			sourceTree = "<group>";
		};
		48152B241D6F58AB00AB0653 /* WebViewController */ = {
			isa = PBXGroup;
			children = (
				481A534F1D5B9BBE00DB26DB /* WebViewController.h */,
				481A53501D5B9BBE00DB26DB /* WebViewController.m */,
			);
			name = WebViewController;
			sourceTree = "<group>";
		};
		48152B251D6F5AC000AB0653 /* Core Data */ = {
			isa = PBXGroup;
			children = (
				48152B201D6F51C200AB0653 /* Model.xcdatamodeld */,
				4802C8BB1D78A50E0055D7B6 /* ManagedCompany+CoreDataProperties.h */,
				4802C8BC1D78A50E0055D7B6 /* ManagedCompany+CoreDataProperties.m */,
				4802C8BD1D78A50E0055D7B6 /* ManagedCompany.h */,
				4802C8BE1D78A50E0055D7B6 /* ManagedCompany.m */,
				4802C8BF1D78A50E0055D7B6 /* ManagedProduct+CoreDataProperties.h */,
				4802C8C01D78A50E0055D7B6 /* ManagedProduct+CoreDataProperties.m */,
				4802C8C11D78A50E0055D7B6 /* ManagedProduct.h */,
				4802C8C21D78A50E0055D7B6 /* ManagedProduct.m */,
			);
			name = "Core Data";
			sourceTree = "<group>";
		};
		483796CB1BCBF7A00062D5AB /* AppDelegate */ = {
			isa = PBXGroup;
			children = (
				48A656C318163BF200746D36 /* NavControllerAppDelegate.h */,
				48A656C418163BF200746D36 /* NavControllerAppDelegate.m */,
			);
			name = AppDelegate;
			sourceTree = "<group>";
		};
		483796CC1BCBF7C70062D5AB /* ParentViewController */ = {
			isa = PBXGroup;
			children = (
				48777A7E1D931ED900FAD6CB /* SuperViewController.h */,
				48777A7F1D931ED900FAD6CB /* SuperViewController.m */,
				48A656E318163C1B00746D36 /* CompanyViewController.h */,
				48A656E418163C1B00746D36 /* CompanyViewController.m */,
				48A656E518163C1B00746D36 /* CompanyViewController.xib */,
				483F97AD1D80722E00CFD991 /* EmptyCompanies.xib */,
				483F97B31D80ABD200CFD991 /* CompanyCell.h */,
				483F97B41D80ABD200CFD991 /* CompanyCell.m */,
				483F97B11D80A9CA00CFD991 /* CompanyCell.xib */,
				482A5F3D1D5CDD5D0061A009 /* Company.h */,
				482A5F3E1D5CDD5D0061A009 /* Company.m */,
				48551B411D637AA400DA3B19 /* AddNewCompanyViewController.h */,
				48551B421D637AA400DA3B19 /* AddNewCompanyViewController.m */,
				48551B431D637AA400DA3B19 /* AddNewCompanyViewController.xib */,
				482640E91D64CC500028BF08 /* EditCompanyViewController.h */,
				482640EA1D64CC500028BF08 /* EditCompanyViewController.m */,
				482640EB1D64CC500028BF08 /* EditCompanyViewController.xib */,
			);
			name = ParentViewController;
			sourceTree = "<group>";
		};
		483796CD1BCBF7EB0062D5AB /* ProductViewController */ = {
			isa = PBXGroup;
			children = (
				48A656E818163F8700746D36 /* ProductViewController.h */,
				48A656E918163F8700746D36 /* ProductViewController.m */,
				487DFCBB1D81C51B00D65269 /* ProductViewController.xib */,
				487DFCBD1D81D37B00D65269 /* EmptyProducts.xib */,
				487DFCBF1D81DEE100D65269 /* ProductCell.h */,
				487DFCC01D81DEE100D65269 /* ProductCell.m */,
				487DFCC11D81DEE100D65269 /* ProductCell.xib */,
				482A5F401D5CDD6A0061A009 /* Product.h */,
				482A5F411D5CDD6A0061A009 /* Product.m */,
				48551B461D63B0A900DA3B19 /* AddNewProductViewController.h */,
				48551B471D63B0A900DA3B19 /* AddNewProductViewController.m */,
				48551B481D63B0A900DA3B19 /* AddNewProductViewController.xib */,
				482640EE1D64F9430028BF08 /* EditProductViewController.h */,
				482640EF1D64F9430028BF08 /* EditProductViewController.m */,
				482640F01D64F9430028BF08 /* EditProductViewController.xib */,
			);
			name = ProductViewController;
			sourceTree = "<group>";
		};
		48A656A818163BF200746D36 = {
			isa = PBXGroup;
			children = (
				48A656BA18163BF200746D36 /* NavCtrl */,
				48A656D318163BF200746D36 /* NavCtrlTests */,
				48A656B318163BF200746D36 /* Frameworks */,
				48A656B218163BF200746D36 /* Products */,
			);
			sourceTree = "<group>";
		};
		48A656B218163BF200746D36 /* Products */ = {
			isa = PBXGroup;
			children = (
				48A656B118163BF200746D36 /* NavCtrl.app */,
				48A656CC18163BF200746D36 /* NavCtrlTests.xctest */,
			);
			name = Products;
			sourceTree = "<group>";
		};
		48A656B318163BF200746D36 /* Frameworks */ = {
			isa = PBXGroup;
			children = (
				4867EB671D749543009165C5 /* CoreData.framework */,
				48A656B418163BF200746D36 /* Foundation.framework */,
				48A656B618163BF200746D36 /* CoreGraphics.framework */,
				48A656B818163BF200746D36 /* UIKit.framework */,
				48A656CD18163BF200746D36 /* XCTest.framework */,
			);
			name = Frameworks;
			sourceTree = "<group>";
		};
		48A656BA18163BF200746D36 /* NavCtrl */ = {
			isa = PBXGroup;
			children = (
				483796CB1BCBF7A00062D5AB /* AppDelegate */,
				483796CC1BCBF7C70062D5AB /* ParentViewController */,
				483796CD1BCBF7EB0062D5AB /* ProductViewController */,
				48152B241D6F58AB00AB0653 /* WebViewController */,
				48152B231D6F589300AB0653 /* DAO */,
				48152B251D6F5AC000AB0653 /* Core Data */,
				48A656C618163BF200746D36 /* Images.xcassets */,
				48A656BB18163BF200746D36 /* Supporting Files */,
			);
			path = NavCtrl;
			sourceTree = "<group>";
		};
		48A656BB18163BF200746D36 /* Supporting Files */ = {
			isa = PBXGroup;
			children = (
				48A656ED1816468000746D36 /* Sunflower.gif */,
				48A656BC18163BF200746D36 /* NavCtrl-Info.plist */,
				48A656BD18163BF200746D36 /* InfoPlist.strings */,
				48A656C018163BF200746D36 /* main.m */,
				48A656C218163BF200746D36 /* NavCtrl-Prefix.pch */,
			);
			name = "Supporting Files";
			sourceTree = "<group>";
		};
		48A656D318163BF200746D36 /* NavCtrlTests */ = {
			isa = PBXGroup;
			children = (
				48A656D918163BF200746D36 /* NavCtrlTests.m */,
				48A656D418163BF200746D36 /* Supporting Files */,
			);
			path = NavCtrlTests;
			sourceTree = "<group>";
		};
		48A656D418163BF200746D36 /* Supporting Files */ = {
			isa = PBXGroup;
			children = (
				486BAD621D5A6A400091A706 /* apple.png */,
				486BAD661D5A6B070091A706 /* Samsung.png */,
				486BAD6E1D5A6C570091A706 /* Nokia2.jpg */,
				486BAD6C1D5A6C530091A706 /* motorola2.jpg */,
				48A656D518163BF200746D36 /* NavCtrlTests-Info.plist */,
				48A656D618163BF200746D36 /* InfoPlist.strings */,
			);
			name = "Supporting Files";
			sourceTree = "<group>";
		};
/* End PBXGroup section */

/* Begin PBXNativeTarget section */
		48A656B018163BF200746D36 /* NavCtrl */ = {
			isa = PBXNativeTarget;
			buildConfigurationList = 48A656DD18163BF200746D36 /* Build configuration list for PBXNativeTarget "NavCtrl" */;
			buildPhases = (
				48A656AD18163BF200746D36 /* Sources */,
				48A656AE18163BF200746D36 /* Frameworks */,
				48A656AF18163BF200746D36 /* Resources */,
			);
			buildRules = (
			);
			dependencies = (
			);
			name = NavCtrl;
			productName = NavCtrl;
			productReference = 48A656B118163BF200746D36 /* NavCtrl.app */;
			productType = "com.apple.product-type.application";
		};
		48A656CB18163BF200746D36 /* NavCtrlTests */ = {
			isa = PBXNativeTarget;
			buildConfigurationList = 48A656E018163BF200746D36 /* Build configuration list for PBXNativeTarget "NavCtrlTests" */;
			buildPhases = (
				48A656C818163BF200746D36 /* Sources */,
				48A656C918163BF200746D36 /* Frameworks */,
				48A656CA18163BF200746D36 /* Resources */,
			);
			buildRules = (
			);
			dependencies = (
				48A656D218163BF200746D36 /* PBXTargetDependency */,
			);
			name = NavCtrlTests;
			productName = NavCtrlTests;
			productReference = 48A656CC18163BF200746D36 /* NavCtrlTests.xctest */;
			productType = "com.apple.product-type.bundle.unit-test";
		};
/* End PBXNativeTarget section */

/* Begin PBXProject section */
		48A656A918163BF200746D36 /* Project object */ = {
			isa = PBXProject;
			attributes = {
				CLASSPREFIX = qcdDemo;
				LastUpgradeCheck = 0700;
				ORGANIZATIONNAME = "Aditya Narayan";
				TargetAttributes = {
					48A656B018163BF200746D36 = {
						DevelopmentTeam = ZUTQ2SDKNS;
					};
					48A656CB18163BF200746D36 = {
						TestTargetID = 48A656B018163BF200746D36;
					};
				};
			};
			buildConfigurationList = 48A656AC18163BF200746D36 /* Build configuration list for PBXProject "NavCtrl" */;
			compatibilityVersion = "Xcode 3.2";
			developmentRegion = English;
			hasScannedForEncodings = 0;
			knownRegions = (
				en,
			);
			mainGroup = 48A656A818163BF200746D36;
			productRefGroup = 48A656B218163BF200746D36 /* Products */;
			projectDirPath = "";
			projectRoot = "";
			targets = (
				48A656B018163BF200746D36 /* NavCtrl */,
				48A656CB18163BF200746D36 /* NavCtrlTests */,
			);
		};
/* End PBXProject section */

/* Begin PBXResourcesBuildPhase section */
		48A656AF18163BF200746D36 /* Resources */ = {
			isa = PBXResourcesBuildPhase;
			buildActionMask = 2147483647;
			files = (
				487DFCC31D81DEE100D65269 /* ProductCell.xib in Resources */,
				483F97AE1D80722E00CFD991 /* EmptyCompanies.xib in Resources */,
				48551B451D637AA400DA3B19 /* AddNewCompanyViewController.xib in Resources */,
				48A656EE1816468000746D36 /* Sunflower.gif in Resources */,
				48A656E718163C1B00746D36 /* CompanyViewController.xib in Resources */,
				48A656BF18163BF200746D36 /* InfoPlist.strings in Resources */,
				482640F21D64F9430028BF08 /* EditProductViewController.xib in Resources */,
				48A656C718163BF200746D36 /* Images.xcassets in Resources */,
				487DFCBC1D81C51B00D65269 /* ProductViewController.xib in Resources */,
				483F97B21D80A9CA00CFD991 /* CompanyCell.xib in Resources */,
				487DFCBE1D81D37B00D65269 /* EmptyProducts.xib in Resources */,
				48551B4A1D63B0A900DA3B19 /* AddNewProductViewController.xib in Resources */,
				482640ED1D64CC500028BF08 /* EditCompanyViewController.xib in Resources */,
			);
			runOnlyForDeploymentPostprocessing = 0;
		};
		48A656CA18163BF200746D36 /* Resources */ = {
			isa = PBXResourcesBuildPhase;
			buildActionMask = 2147483647;
			files = (
				486BAD631D5A6A400091A706 /* apple.png in Resources */,
				486BAD671D5A6B070091A706 /* Samsung.png in Resources */,
				486BAD6D1D5A6C530091A706 /* motorola2.jpg in Resources */,
				486BAD6F1D5A6C570091A706 /* Nokia2.jpg in Resources */,
				48A656D818163BF200746D36 /* InfoPlist.strings in Resources */,
			);
			runOnlyForDeploymentPostprocessing = 0;
		};
/* End PBXResourcesBuildPhase section */

/* Begin PBXSourcesBuildPhase section */
		48A656AD18163BF200746D36 /* Sources */ = {
			isa = PBXSourcesBuildPhase;
			buildActionMask = 2147483647;
			files = (
				482A5F421D5CDD6A0061A009 /* Product.m in Sources */,
				48A656E618163C1B00746D36 /* CompanyViewController.m in Sources */,
				48777A801D931ED900FAD6CB /* SuperViewController.m in Sources */,
				482A5F3F1D5CDD5D0061A009 /* Company.m in Sources */,
				481A53511D5B9BBE00DB26DB /* WebViewController.m in Sources */,
				482A5F451D5D185B0061A009 /* DAO.m in Sources */,
				483F97B51D80ABD200CFD991 /* CompanyCell.m in Sources */,
				487DFCC21D81DEE100D65269 /* ProductCell.m in Sources */,
				48551B441D637AA400DA3B19 /* AddNewCompanyViewController.m in Sources */,
				4802C8C61D78A50E0055D7B6 /* ManagedProduct.m in Sources */,
				48A656C518163BF200746D36 /* NavControllerAppDelegate.m in Sources */,
				48A656C118163BF200746D36 /* main.m in Sources */,
				482640F11D64F9430028BF08 /* EditProductViewController.m in Sources */,
				4802C8C41D78A50E0055D7B6 /* ManagedCompany.m in Sources */,
				4802C8C31D78A50E0055D7B6 /* ManagedCompany+CoreDataProperties.m in Sources */,
				48A656EB18163F8700746D36 /* ProductViewController.m in Sources */,
				48551B491D63B0A900DA3B19 /* AddNewProductViewController.m in Sources */,
				48152B221D6F51C200AB0653 /* Model.xcdatamodeld in Sources */,
				482640EC1D64CC500028BF08 /* EditCompanyViewController.m in Sources */,
				4802C8C51D78A50E0055D7B6 /* ManagedProduct+CoreDataProperties.m in Sources */,
			);
			runOnlyForDeploymentPostprocessing = 0;
		};
		48A656C818163BF200746D36 /* Sources */ = {
			isa = PBXSourcesBuildPhase;
			buildActionMask = 2147483647;
			files = (
				48A656DA18163BF200746D36 /* NavCtrlTests.m in Sources */,
			);
			runOnlyForDeploymentPostprocessing = 0;
		};
/* End PBXSourcesBuildPhase section */

/* Begin PBXTargetDependency section */
		48A656D218163BF200746D36 /* PBXTargetDependency */ = {
			isa = PBXTargetDependency;
			target = 48A656B018163BF200746D36 /* NavCtrl */;
			targetProxy = 48A656D118163BF200746D36 /* PBXContainerItemProxy */;
		};
/* End PBXTargetDependency section */

/* Begin PBXVariantGroup section */
		48A656BD18163BF200746D36 /* InfoPlist.strings */ = {
			isa = PBXVariantGroup;
			children = (
				48A656BE18163BF200746D36 /* en */,
			);
			name = InfoPlist.strings;
			sourceTree = "<group>";
		};
		48A656D618163BF200746D36 /* InfoPlist.strings */ = {
			isa = PBXVariantGroup;
			children = (
				48A656D718163BF200746D36 /* en */,
			);
			name = InfoPlist.strings;
			sourceTree = "<group>";
		};
/* End PBXVariantGroup section */

/* Begin XCBuildConfiguration section */
		48A656DB18163BF200746D36 /* Debug */ = {
			isa = XCBuildConfiguration;
			buildSettings = {
				ALWAYS_SEARCH_USER_PATHS = NO;
				CLANG_CXX_LANGUAGE_STANDARD = "gnu++0x";
				CLANG_CXX_LIBRARY = "libc++";
				CLANG_ENABLE_MODULES = YES;
				CLANG_ENABLE_OBJC_ARC = YES;
				CLANG_WARN_BOOL_CONVERSION = YES;
				CLANG_WARN_CONSTANT_CONVERSION = YES;
				CLANG_WARN_DIRECT_OBJC_ISA_USAGE = YES_ERROR;
				CLANG_WARN_EMPTY_BODY = YES;
				CLANG_WARN_ENUM_CONVERSION = YES;
				CLANG_WARN_INT_CONVERSION = YES;
				CLANG_WARN_OBJC_ROOT_CLASS = YES_ERROR;
				CLANG_WARN__DUPLICATE_METHOD_MATCH = YES;
				"CODE_SIGN_IDENTITY[sdk=iphoneos*]" = "iPhone Developer";
				COPY_PHASE_STRIP = NO;
				ENABLE_TESTABILITY = YES;
				GCC_C_LANGUAGE_STANDARD = gnu99;
				GCC_DYNAMIC_NO_PIC = NO;
				GCC_OPTIMIZATION_LEVEL = 0;
				GCC_PREPROCESSOR_DEFINITIONS = (
					"DEBUG=1",
					"$(inherited)",
				);
				GCC_SYMBOLS_PRIVATE_EXTERN = NO;
				GCC_WARN_64_TO_32_BIT_CONVERSION = YES;
				GCC_WARN_ABOUT_RETURN_TYPE = YES_ERROR;
				GCC_WARN_UNDECLARED_SELECTOR = YES;
				GCC_WARN_UNINITIALIZED_AUTOS = YES;
				GCC_WARN_UNUSED_FUNCTION = YES;
				GCC_WARN_UNUSED_VARIABLE = YES;
				IPHONEOS_DEPLOYMENT_TARGET = 7.0;
				ONLY_ACTIVE_ARCH = YES;
				SDKROOT = iphoneos;
				TARGETED_DEVICE_FAMILY = 2;
			};
			name = Debug;
		};
		48A656DC18163BF200746D36 /* Release */ = {
			isa = XCBuildConfiguration;
			buildSettings = {
				ALWAYS_SEARCH_USER_PATHS = NO;
				CLANG_CXX_LANGUAGE_STANDARD = "gnu++0x";
				CLANG_CXX_LIBRARY = "libc++";
				CLANG_ENABLE_MODULES = YES;
				CLANG_ENABLE_OBJC_ARC = YES;
				CLANG_WARN_BOOL_CONVERSION = YES;
				CLANG_WARN_CONSTANT_CONVERSION = YES;
				CLANG_WARN_DIRECT_OBJC_ISA_USAGE = YES_ERROR;
				CLANG_WARN_EMPTY_BODY = YES;
				CLANG_WARN_ENUM_CONVERSION = YES;
				CLANG_WARN_INT_CONVERSION = YES;
				CLANG_WARN_OBJC_ROOT_CLASS = YES_ERROR;
				CLANG_WARN__DUPLICATE_METHOD_MATCH = YES;
				"CODE_SIGN_IDENTITY[sdk=iphoneos*]" = "iPhone Developer";
				COPY_PHASE_STRIP = YES;
				ENABLE_NS_ASSERTIONS = NO;
				GCC_C_LANGUAGE_STANDARD = gnu99;
				GCC_WARN_64_TO_32_BIT_CONVERSION = YES;
				GCC_WARN_ABOUT_RETURN_TYPE = YES_ERROR;
				GCC_WARN_UNDECLARED_SELECTOR = YES;
				GCC_WARN_UNINITIALIZED_AUTOS = YES;
				GCC_WARN_UNUSED_FUNCTION = YES;
				GCC_WARN_UNUSED_VARIABLE = YES;
				IPHONEOS_DEPLOYMENT_TARGET = 7.0;
				SDKROOT = iphoneos;
				TARGETED_DEVICE_FAMILY = 2;
				VALIDATE_PRODUCT = YES;
			};
			name = Release;
		};
		48A656DE18163BF200746D36 /* Debug */ = {
			isa = XCBuildConfiguration;
			buildSettings = {
				ASSETCATALOG_COMPILER_APPICON_NAME = AppIcon;
				ASSETCATALOG_COMPILER_LAUNCHIMAGE_NAME = LaunchImage;
				CLANG_ENABLE_OBJC_ARC = NO;
				CODE_SIGN_IDENTITY = "iPhone Developer";
				"CODE_SIGN_IDENTITY[sdk=iphoneos*]" = "iPhone Developer";
				GCC_OPTIMIZATION_LEVEL = 0;
				GCC_PRECOMPILE_PREFIX_HEADER = YES;
				GCC_PREFIX_HEADER = "NavCtrl/NavCtrl-Prefix.pch";
				INFOPLIST_FILE = "NavCtrl/NavCtrl-Info.plist";
				IPHONEOS_DEPLOYMENT_TARGET = 8.0;
				PRODUCT_BUNDLE_IDENTIFIER = com.NavCtrl;
				PRODUCT_NAME = "$(TARGET_NAME)";
				PROVISIONING_PROFILE = "";
				TARGETED_DEVICE_FAMILY = 1;
				WRAPPER_EXTENSION = app;
			};
			name = Debug;
		};
		48A656DF18163BF200746D36 /* Release */ = {
			isa = XCBuildConfiguration;
			buildSettings = {
				ASSETCATALOG_COMPILER_APPICON_NAME = AppIcon;
				ASSETCATALOG_COMPILER_LAUNCHIMAGE_NAME = LaunchImage;
				CLANG_ENABLE_OBJC_ARC = NO;
				CODE_SIGN_IDENTITY = "iPhone Developer";
				"CODE_SIGN_IDENTITY[sdk=iphoneos*]" = "iPhone Developer";
				GCC_OPTIMIZATION_LEVEL = 0;
				GCC_PRECOMPILE_PREFIX_HEADER = YES;
				GCC_PREFIX_HEADER = "NavCtrl/NavCtrl-Prefix.pch";
				INFOPLIST_FILE = "NavCtrl/NavCtrl-Info.plist";
				IPHONEOS_DEPLOYMENT_TARGET = 8.0;
				PRODUCT_BUNDLE_IDENTIFIER = com.NavCtrl;
				PRODUCT_NAME = "$(TARGET_NAME)";
				PROVISIONING_PROFILE = "";
				TARGETED_DEVICE_FAMILY = 1;
				WRAPPER_EXTENSION = app;
			};
			name = Release;
		};
		48A656E118163BF200746D36 /* Debug */ = {
			isa = XCBuildConfiguration;
			buildSettings = {
				BUNDLE_LOADER = "$(BUILT_PRODUCTS_DIR)/NavCtrl.app/NavCtrl";
				FRAMEWORK_SEARCH_PATHS = (
					"$(SDKROOT)/Developer/Library/Frameworks",
					"$(inherited)",
					"$(DEVELOPER_FRAMEWORKS_DIR)",
				);
				GCC_PRECOMPILE_PREFIX_HEADER = YES;
				GCC_PREFIX_HEADER = "NavCtrl/NavCtrl-Prefix.pch";
				GCC_PREPROCESSOR_DEFINITIONS = (
					"DEBUG=1",
					"$(inherited)",
				);
				INFOPLIST_FILE = "NavCtrlTests/NavCtrlTests-Info.plist";
				PRODUCT_BUNDLE_IDENTIFIER = "qcd.${PRODUCT_NAME:rfc1034identifier}";
				PRODUCT_NAME = "$(TARGET_NAME)";
				TEST_HOST = "$(BUNDLE_LOADER)";
				WRAPPER_EXTENSION = xctest;
			};
			name = Debug;
		};
		48A656E218163BF200746D36 /* Release */ = {
			isa = XCBuildConfiguration;
			buildSettings = {
				BUNDLE_LOADER = "$(BUILT_PRODUCTS_DIR)/NavCtrl.app/NavCtrl";
				FRAMEWORK_SEARCH_PATHS = (
					"$(SDKROOT)/Developer/Library/Frameworks",
					"$(inherited)",
					"$(DEVELOPER_FRAMEWORKS_DIR)",
				);
				GCC_PRECOMPILE_PREFIX_HEADER = YES;
				GCC_PREFIX_HEADER = "NavCtrl/NavCtrl-Prefix.pch";
				INFOPLIST_FILE = "NavCtrlTests/NavCtrlTests-Info.plist";
				PRODUCT_BUNDLE_IDENTIFIER = "qcd.${PRODUCT_NAME:rfc1034identifier}";
				PRODUCT_NAME = "$(TARGET_NAME)";
				TEST_HOST = "$(BUNDLE_LOADER)";
				WRAPPER_EXTENSION = xctest;
			};
			name = Release;
		};
/* End XCBuildConfiguration section */

/* Begin XCConfigurationList section */
		48A656AC18163BF200746D36 /* Build configuration list for PBXProject "NavCtrl" */ = {
			isa = XCConfigurationList;
			buildConfigurations = (
				48A656DB18163BF200746D36 /* Debug */,
				48A656DC18163BF200746D36 /* Release */,
			);
			defaultConfigurationIsVisible = 0;
			defaultConfigurationName = Release;
		};
		48A656DD18163BF200746D36 /* Build configuration list for PBXNativeTarget "NavCtrl" */ = {
			isa = XCConfigurationList;
			buildConfigurations = (
				48A656DE18163BF200746D36 /* Debug */,
				48A656DF18163BF200746D36 /* Release */,
			);
			defaultConfigurationIsVisible = 0;
			defaultConfigurationName = Release;
		};
		48A656E018163BF200746D36 /* Build configuration list for PBXNativeTarget "NavCtrlTests" */ = {
			isa = XCConfigurationList;
			buildConfigurations = (
				48A656E118163BF200746D36 /* Debug */,
				48A656E218163BF200746D36 /* Release */,
			);
			defaultConfigurationIsVisible = 0;
			defaultConfigurationName = Release;
		};
/* End XCConfigurationList section */

/* Begin XCVersionGroup section */
		48152B201D6F51C200AB0653 /* Model.xcdatamodeld */ = {
			isa = XCVersionGroup;
			children = (
				48152B211D6F51C200AB0653 /* Model.xcdatamodel */,
			);
			currentVersion = 48152B211D6F51C200AB0653 /* Model.xcdatamodel */;
			path = Model.xcdatamodeld;
			sourceTree = "<group>";
			versionGroupType = wrapper.xcdatamodel;
		};
/* End XCVersionGroup section */
	};
	rootObject = 48A656A918163BF200746D36 /* Project object */;
}
